{
    "name": "@rbxts/squash",
    "version": "3.0.0-ts.0",
    "lockfileVersion": 3,
    "requires": true,
    "packages": {
        "": {
            "name": "@rbxts/squash",
            "version": "3.0.0-ts.0",
            "license": "MIT",
            "devDependencies": {
                "@rbxts/compiler-types": ">=2.3.0-types.2",
                "@rbxts/types": ">=1.0.799",
                "typescript": "*"
            }
        },
        "node_modules/@rbxts/compiler-types": {
            "version": "2.3.0-types.2",
            "resolved": "https://registry.npmjs.org/@rbxts/compiler-types/-/compiler-types-2.3.0-types.2.tgz",
            "integrity": "sha512-ZfCn1LNrfMS0GCfnXvLVOPE9oNNBf5851JRBGy0ptuuOK1bDvV0fljP0Xx9w6LcLFb+NLTM2GKXX+gkoCh7CvA==",
            "dev": true
        },
        "node_modules/@rbxts/types": {
            "version": "1.0.799",
            "resolved": "https://registry.npmjs.org/@rbxts/types/-/types-1.0.799.tgz",
            "integrity": "sha512-R/4lHaPpCEZOmnqgIIMcpV/TufhSlvW8m+Uud88xd1qedOt9PX1Y40QGXtbuMKwjwgtKYrgQhph/lOjqKU5meQ==",
            "dev": true
        },
        "node_modules/typescript": {
            "version": "5.2.2",
            "resolved": "https://registry.npmjs.org/typescript/-/typescript-5.2.2.tgz",
            "integrity": "sha512-mI4WrpHsbCIcwT9cF4FZvr80QUeKvsUsUvKDoR+X/7XHQH98xYD8YHZg7ANtz2GtZt/CBq2QJ0thkGJMHfqc1w==",
            "dev": true,
            "bin": {
                "tsc": "bin/tsc",
                "tsserver": "bin/tsserver"
            },
            "engines": {
                "node": ">=14.17"
            }
        }
    }
}
