{
  "name": "@rbxts/squash",
  "version": "2.2.0-ts.1",
  "lockfileVersion": 3,
  "requires": true,
  "packages": {
    "": {
      "name": "@rbxts/squash",
      "version": "2.2.0-ts.1",
      "license": "MIT",
      "devDependencies": {
        "@rbxts/compiler-types": "^2.3.0-types.1",
        "@rbxts/types": "^1.0.788",
        "typescript": "*"
      }
    },
    "node_modules/@rbxts/compiler-types": {
      "version": "2.3.0-types.1",
      "resolved": "https://registry.npmjs.org/@rbxts/compiler-types/-/compiler-types-2.3.0-types.1.tgz",
      "integrity": "sha512-NZWNo+fC4icfJte+NiDSDdWJo1KwzD0MDQ2iBi70YhNYlkA7+Xc+B1udbVqxLJuBur2JxG5bbKrpMAfHqfCtbw==",
      "dev": true
    },
    "node_modules/@rbxts/types": {
      "version": "1.0.788",
      "resolved": "https://registry.npmjs.org/@rbxts/types/-/types-1.0.788.tgz",
      "integrity": "sha512-CvkAyNFuNoTYdZaopxDrtg+xCGmQap5O89TkzL7azMTmkCio4xjp4OYsCCxGvNl/cXHzYOa7nk7ceDGqR3KnvA==",
      "dev": true
    },
    "node_modules/typescript": {
      "version": "5.2.2",
      "resolved": "https://registry.npmjs.org/typescript/-/typescript-5.2.2.tgz",
      "integrity": "sha512-mI4WrpHsbCIcwT9cF4FZvr80QUeKvsUsUvKDoR+X/7XHQH98xYD8YHZg7ANtz2GtZt/CBq2QJ0thkGJMHfqc1w==",
      "dev": true,
      "bin": {
        "tsc": "bin/tsc",
        "tsserver": "bin/tsserver"
      },
      "engines": {
        "node": ">=14.17"
      }
    }
  }
}
